
Microsoft Visual Studio Solution File, Format Version 12.00
# Visual Studio Version 17
VisualStudioVersion = 17.9.34902.65
MinimumVisualStudioVersion = 10.0.40219.1
Project("{FAE04EC0-301F-11D3-BF4B-00C04F79EFBC}") = "ExamBank", "ExamBank.csproj", "{50D0B96E-C4A0-4CB2-B481-1AD2741B2B16}"
EndProject
Global
	GlobalSection(SolutionConfigurationPlatforms) = preSolution
		Debug|Any CPU = Debug|Any CPU
		Release|Any CPU = Release|Any CPU
	EndGlobalSection
	GlobalSection(ProjectConfigurationPlatforms) = postSolution
		{50D0B96E-C4A0-4CB2-B481-1AD2741B2B16}.Debug|Any CPU.ActiveCfg = Debug|Any CPU
		{50D0B96E-C4A0-4CB2-B481-1AD2741B2B16}.Debug|Any CPU.Build.0 = Debug|Any CPU
		{50D0B96E-C4A0-4CB2-B481-1AD2741B2B16}.Release|Any CPU.ActiveCfg = Release|Any CPU
		{50D0B96E-C4A0-4CB2-B481-1AD2741B2B16}.Release|Any CPU.Build.0 = Release|Any CPU
	EndGlobalSection
	GlobalSection(SolutionProperties) = preSolution
		HideSolutionNode = FALSE
	EndGlobalSection
	GlobalSection(ExtensibilityGlobals) = postSolution
		SolutionGuid = {EADB5A2E-D1B8-4F02-9013-0A266D82D482}
	EndGlobalSection
EndGlobal
